// !$*UTF8*$!
{
	archiveVersion = 1;
	classes = {
	};
	objectVersion = 55;
	objects = {

/* Begin PBXBuildFile section */
		CA8011A5289C2FF9009CB3E1 /* RestartApp.swift in Sources */ = {isa = PBXBuildFile; fileRef = CA8011A4289C2FF9009CB3E1 /* RestartApp.swift */; };
		CA8011A7289C2FF9009CB3E1 /* ContentView.swift in Sources */ = {isa = PBXBuildFile; fileRef = CA8011A6289C2FF9009CB3E1 /* ContentView.swift */; };
		CA8011A9289C2FFB009CB3E1 /* Assets.xcassets in Resources */ = {isa = PBXBuildFile; fileRef = CA8011A8289C2FFB009CB3E1 /* Assets.xcassets */; };
		CA8011AC289C2FFB009CB3E1 /* Preview Assets.xcassets in Resources */ = {isa = PBXBuildFile; fileRef = CA8011AB289C2FFB009CB3E1 /* Preview Assets.xcassets */; };
		CA8011B6289C30F5009CB3E1 /* chimeup.mp3 in Resources */ = {isa = PBXBuildFile; fileRef = CA8011B4289C30F4009CB3E1 /* chimeup.mp3 */; };
		CA8011B7289C30F5009CB3E1 /* success.m4a in Resources */ = {isa = PBXBuildFile; fileRef = CA8011B5289C30F5009CB3E1 /* success.m4a */; };
		CA8011C0289C54BC009CB3E1 /* OnboardingView.swift in Sources */ = {isa = PBXBuildFile; fileRef = CA8011BF289C54BC009CB3E1 /* OnboardingView.swift */; };
		CA8011C2289C54DF009CB3E1 /* HomeView.swift in Sources */ = {isa = PBXBuildFile; fileRef = CA8011C1289C54DF009CB3E1 /* HomeView.swift */; };
		CA8011C4289C6949009CB3E1 /* CircleGroupView.swift in Sources */ = {isa = PBXBuildFile; fileRef = CA8011C3289C6949009CB3E1 /* CircleGroupView.swift */; };
		CA8011C6289C9DA3009CB3E1 /* AudioPlayer.swift in Sources */ = {isa = PBXBuildFile; fileRef = CA8011C5289C9DA3009CB3E1 /* AudioPlayer.swift */; };
/* End PBXBuildFile section */

/* Begin PBXFileReference section */
		CA8011A1289C2FF9009CB3E1 /* Restart.app */ = {isa = PBXFileReference; explicitFileType = wrapper.application; includeInIndex = 0; path = Restart.app; sourceTree = BUILT_PRODUCTS_DIR; };
		CA8011A4289C2FF9009CB3E1 /* RestartApp.swift */ = {isa = PBXFileReference; lastKnownFileType = sourcecode.swift; path = RestartApp.swift; sourceTree = "<group>"; };
		CA8011A6289C2FF9009CB3E1 /* ContentView.swift */ = {isa = PBXFileReference; lastKnownFileType = sourcecode.swift; path = ContentView.swift; sourceTree = "<group>"; };
		CA8011A8289C2FFB009CB3E1 /* Assets.xcassets */ = {isa = PBXFileReference; lastKnownFileType = folder.assetcatalog; path = Assets.xcassets; sourceTree = "<group>"; };
		CA8011AB289C2FFB009CB3E1 /* Preview Assets.xcassets */ = {isa = PBXFileReference; lastKnownFileType = folder.assetcatalog; path = "Preview Assets.xcassets"; sourceTree = "<group>"; };
		CA8011B4289C30F4009CB3E1 /* chimeup.mp3 */ = {isa = PBXFileReference; lastKnownFileType = audio.mp3; path = chimeup.mp3; sourceTree = "<group>"; };
		CA8011B5289C30F5009CB3E1 /* success.m4a */ = {isa = PBXFileReference; lastKnownFileType = file; path = success.m4a; sourceTree = "<group>"; };
		CA8011BC289C53E6009CB3E1 /* Info.plist */ = {isa = PBXFileReference; lastKnownFileType = text.plist; path = Info.plist; sourceTree = "<group>"; };
		CA8011BF289C54BC009CB3E1 /* OnboardingView.swift */ = {isa = PBXFileReference; lastKnownFileType = sourcecode.swift; path = OnboardingView.swift; sourceTree = "<group>"; };
		CA8011C1289C54DF009CB3E1 /* HomeView.swift */ = {isa = PBXFileReference; lastKnownFileType = sourcecode.swift; path = HomeView.swift; sourceTree = "<group>"; };
		CA8011C3289C6949009CB3E1 /* CircleGroupView.swift */ = {isa = PBXFileReference; lastKnownFileType = sourcecode.swift; path = CircleGroupView.swift; sourceTree = "<group>"; };
		CA8011C5289C9DA3009CB3E1 /* AudioPlayer.swift */ = {isa = PBXFileReference; lastKnownFileType = sourcecode.swift; path = AudioPlayer.swift; sourceTree = "<group>"; };
/* End PBXFileReference section */

/* Begin PBXFrameworksBuildPhase section */
		CA80119E289C2FF9009CB3E1 /* Frameworks */ = {
			isa = PBXFrameworksBuildPhase;
			buildActionMask = 2147483647;
			files = (
			);
			runOnlyForDeploymentPostprocessing = 0;
		};
/* End PBXFrameworksBuildPhase section */

/* Begin PBXGroup section */
		CA801198289C2FF9009CB3E1 = {
			isa = PBXGroup;
			children = (
				CA8011A3289C2FF9009CB3E1 /* Restart */,
				CA8011A2289C2FF9009CB3E1 /* Products */,
			);
			sourceTree = "<group>";
		};
		CA8011A2289C2FF9009CB3E1 /* Products */ = {
			isa = PBXGroup;
			children = (
				CA8011A1289C2FF9009CB3E1 /* Restart.app */,
			);
			name = Products;
			sourceTree = "<group>";
		};
		CA8011A3289C2FF9009CB3E1 /* Restart */ = {
			isa = PBXGroup;
			children = (
				CA8011BC289C53E6009CB3E1 /* Info.plist */,
				CA8011BB289C3269009CB3E1 /* Utilities */,
				CA8011BA289C325B009CB3E1 /* Views */,
				CA8011B8289C3100009CB3E1 /* Sounds */,
				CA8011A4289C2FF9009CB3E1 /* RestartApp.swift */,
				CA8011B9289C322C009CB3E1 /* Screens */,
				CA8011A8289C2FFB009CB3E1 /* Assets.xcassets */,
				CA8011AA289C2FFB009CB3E1 /* Preview Content */,
			);
			path = Restart;
			sourceTree = "<group>";
		};
		CA8011AA289C2FFB009CB3E1 /* Preview Content */ = {
			isa = PBXGroup;
			children = (
				CA8011AB289C2FFB009CB3E1 /* Preview Assets.xcassets */,
			);
			path = "Preview Content";
			sourceTree = "<group>";
		};
		CA8011B8289C3100009CB3E1 /* Sounds */ = {
			isa = PBXGroup;
			children = (
				CA8011B4289C30F4009CB3E1 /* chimeup.mp3 */,
				CA8011B5289C30F5009CB3E1 /* success.m4a */,
			);
			path = Sounds;
			sourceTree = "<group>";
		};
		CA8011B9289C322C009CB3E1 /* Screens */ = {
			isa = PBXGroup;
			children = (
				CA8011A6289C2FF9009CB3E1 /* ContentView.swift */,
				CA8011BF289C54BC009CB3E1 /* OnboardingView.swift */,
				CA8011C1289C54DF009CB3E1 /* HomeView.swift */,
			);
			path = Screens;
			sourceTree = "<group>";
		};
		CA8011BA289C325B009CB3E1 /* Views */ = {
			isa = PBXGroup;
			children = (
				CA8011C3289C6949009CB3E1 /* CircleGroupView.swift */,
			);
			path = Views;
			sourceTree = "<group>";
		};
		CA8011BB289C3269009CB3E1 /* Utilities */ = {
			isa = PBXGroup;
			children = (
				CA8011C5289C9DA3009CB3E1 /* AudioPlayer.swift */,
			);
			path = Utilities;
			sourceTree = "<group>";
		};
/* End PBXGroup section */

/* Begin PBXNativeTarget section */
		CA8011A0289C2FF9009CB3E1 /* Restart */ = {
			isa = PBXNativeTarget;
			buildConfigurationList = CA8011AF289C2FFB009CB3E1 /* Build configuration list for PBXNativeTarget "Restart" */;
			buildPhases = (
				CA80119D289C2FF9009CB3E1 /* Sources */,
				CA80119E289C2FF9009CB3E1 /* Frameworks */,
				CA80119F289C2FF9009CB3E1 /* Resources */,
			);
			buildRules = (
			);
			dependencies = (
			);
			name = Restart;
			productName = Restart;
			productReference = CA8011A1289C2FF9009CB3E1 /* Restart.app */;
			productType = "com.apple.product-type.application";
		};
/* End PBXNativeTarget section */

/* Begin PBXProject section */
		CA801199289C2FF9009CB3E1 /* Project object */ = {
			isa = PBXProject;
			attributes = {
				BuildIndependentTargetsInParallel = 1;
				LastSwiftUpdateCheck = 1320;
				LastUpgradeCheck = 1320;
				TargetAttributes = {
					CA8011A0289C2FF9009CB3E1 = {
						CreatedOnToolsVersion = 13.2;
					};
				};
			};
			buildConfigurationList = CA80119C289C2FF9009CB3E1 /* Build configuration list for PBXProject "Restart" */;
			compatibilityVersion = "Xcode 13.0";
			developmentRegion = en;
			hasScannedForEncodings = 0;
			knownRegions = (
				en,
				Base,
			);
			mainGroup = CA801198289C2FF9009CB3E1;
			productRefGroup = CA8011A2289C2FF9009CB3E1 /* Products */;
			projectDirPath = "";
			projectRoot = "";
			targets = (
				CA8011A0289C2FF9009CB3E1 /* Restart */,
			);
		};
/* End PBXProject section */

/* Begin PBXResourcesBuildPhase section */
		CA80119F289C2FF9009CB3E1 /* Resources */ = {
			isa = PBXResourcesBuildPhase;
			buildActionMask = 2147483647;
			files = (
				CA8011B7289C30F5009CB3E1 /* success.m4a in Resources */,
				CA8011B6289C30F5009CB3E1 /* chimeup.mp3 in Resources */,
				CA8011AC289C2FFB009CB3E1 /* Preview Assets.xcassets in Resources */,
				CA8011A9289C2FFB009CB3E1 /* Assets.xcassets in Resources */,
			);
			runOnlyForDeploymentPostprocessing = 0;
		};
/* End PBXResourcesBuildPhase section */

/* Begin PBXSourcesBuildPhase section */
		CA80119D289C2FF9009CB3E1 /* Sources */ = {
			isa = PBXSourcesBuildPhase;
			buildActionMask = 2147483647;
			files = (
				CA8011C4289C6949009CB3E1 /* CircleGroupView.swift in Sources */,
				CA8011C0289C54BC009CB3E1 /* OnboardingView.swift in Sources */,
				CA8011C2289C54DF009CB3E1 /* HomeView.swift in Sources */,
				CA8011A7289C2FF9009CB3E1 /* ContentView.swift in Sources */,
				CA8011A5289C2FF9009CB3E1 /* RestartApp.swift in Sources */,
				CA8011C6289C9DA3009CB3E1 /* AudioPlayer.swift in Sources */,
			);
			runOnlyForDeploymentPostprocessing = 0;
		};
/* End PBXSourcesBuildPhase section */

/* Begin XCBuildConfiguration section */
		CA8011AD289C2FFB009CB3E1 /* Debug */ = {
			isa = XCBuildConfiguration;
			buildSettings = {
				ALWAYS_SEARCH_USER_PATHS = NO;
				CLANG_ANALYZER_NONNULL = YES;
				CLANG_ANALYZER_NUMBER_OBJECT_CONVERSION = YES_AGGRESSIVE;
				CLANG_CXX_LANGUAGE_STANDARD = "gnu++17";
				CLANG_CXX_LIBRARY = "libc++";
				CLANG_ENABLE_MODULES = YES;
				CLANG_ENABLE_OBJC_ARC = YES;
				CLANG_ENABLE_OBJC_WEAK = YES;
				CLANG_WARN_BLOCK_CAPTURE_AUTORELEASING = YES;
				CLANG_WARN_BOOL_CONVERSION = YES;
				CLANG_WARN_COMMA = YES;
				CLANG_WARN_CONSTANT_CONVERSION = YES;
				CLANG_WARN_DEPRECATED_OBJC_IMPLEMENTATIONS = YES;
				CLANG_WARN_DIRECT_OBJC_ISA_USAGE = YES_ERROR;
				CLANG_WARN_DOCUMENTATION_COMMENTS = YES;
				CLANG_WARN_EMPTY_BODY = YES;
				CLANG_WARN_ENUM_CONVERSION = YES;
				CLANG_WARN_INFINITE_RECURSION = YES;
				CLANG_WARN_INT_CONVERSION = YES;
				CLANG_WARN_NON_LITERAL_NULL_CONVERSION = YES;
				CLANG_WARN_OBJC_IMPLICIT_RETAIN_SELF = YES;
				CLANG_WARN_OBJC_LITERAL_CONVERSION = YES;
				CLANG_WARN_OBJC_ROOT_CLASS = YES_ERROR;
				CLANG_WARN_QUOTED_INCLUDE_IN_FRAMEWORK_HEADER = YES;
				CLANG_WARN_RANGE_LOOP_ANALYSIS = YES;
				CLANG_WARN_STRICT_PROTOTYPES = YES;
				CLANG_WARN_SUSPICIOUS_MOVE = YES;
				CLANG_WARN_UNGUARDED_AVAILABILITY = YES_AGGRESSIVE;
				CLANG_WARN_UNREACHABLE_CODE = YES;
				CLANG_WARN__DUPLICATE_METHOD_MATCH = YES;
				COPY_PHASE_STRIP = NO;
				DEBUG_INFORMATION_FORMAT = dwarf;
				ENABLE_STRICT_OBJC_MSGSEND = YES;
				ENABLE_TESTABILITY = YES;
				GCC_C_LANGUAGE_STANDARD = gnu11;
				GCC_DYNAMIC_NO_PIC = NO;
				GCC_NO_COMMON_BLOCKS = YES;
				GCC_OPTIMIZATION_LEVEL = 0;
				GCC_PREPROCESSOR_DEFINITIONS = (
					"DEBUG=1",
					"$(inherited)",
				);
				GCC_WARN_64_TO_32_BIT_CONVERSION = YES;
				GCC_WARN_ABOUT_RETURN_TYPE = YES_ERROR;
				GCC_WARN_UNDECLARED_SELECTOR = YES;
				GCC_WARN_UNINITIALIZED_AUTOS = YES_AGGRESSIVE;
				GCC_WARN_UNUSED_FUNCTION = YES;
				GCC_WARN_UNUSED_VARIABLE = YES;
				IPHONEOS_DEPLOYMENT_TARGET = 15.2;
				MTL_ENABLE_DEBUG_INFO = INCLUDE_SOURCE;
				MTL_FAST_MATH = YES;
				ONLY_ACTIVE_ARCH = YES;
				SDKROOT = iphoneos;
				SWIFT_ACTIVE_COMPILATION_CONDITIONS = DEBUG;
				SWIFT_OPTIMIZATION_LEVEL = "-Onone";
			};
			name = Debug;
		};
		CA8011AE289C2FFB009CB3E1 /* Release */ = {
			isa = XCBuildConfiguration;
			buildSettings = {
				ALWAYS_SEARCH_USER_PATHS = NO;
				CLANG_ANALYZER_NONNULL = YES;
				CLANG_ANALYZER_NUMBER_OBJECT_CONVERSION = YES_AGGRESSIVE;
				CLANG_CXX_LANGUAGE_STANDARD = "gnu++17";
				CLANG_CXX_LIBRARY = "libc++";
				CLANG_ENABLE_MODULES = YES;
				CLANG_ENABLE_OBJC_ARC = YES;
				CLANG_ENABLE_OBJC_WEAK = YES;
				CLANG_WARN_BLOCK_CAPTURE_AUTORELEASING = YES;
				CLANG_WARN_BOOL_CONVERSION = YES;
				CLANG_WARN_COMMA = YES;
				CLANG_WARN_CONSTANT_CONVERSION = YES;
				CLANG_WARN_DEPRECATED_OBJC_IMPLEMENTATIONS = YES;
				CLANG_WARN_DIRECT_OBJC_ISA_USAGE = YES_ERROR;
				CLANG_WARN_DOCUMENTATION_COMMENTS = YES;
				CLANG_WARN_EMPTY_BODY = YES;
				CLANG_WARN_ENUM_CONVERSION = YES;
				CLANG_WARN_INFINITE_RECURSION = YES;
				CLANG_WARN_INT_CONVERSION = YES;
				CLANG_WARN_NON_LITERAL_NULL_CONVERSION = YES;
				CLANG_WARN_OBJC_IMPLICIT_RETAIN_SELF = YES;
				CLANG_WARN_OBJC_LITERAL_CONVERSION = YES;
				CLANG_WARN_OBJC_ROOT_CLASS = YES_ERROR;
				CLANG_WARN_QUOTED_INCLUDE_IN_FRAMEWORK_HEADER = YES;
				CLANG_WARN_RANGE_LOOP_ANALYSIS = YES;
				CLANG_WARN_STRICT_PROTOTYPES = YES;
				CLANG_WARN_SUSPICIOUS_MOVE = YES;
				CLANG_WARN_UNGUARDED_AVAILABILITY = YES_AGGRESSIVE;
				CLANG_WARN_UNREACHABLE_CODE = YES;
				CLANG_WARN__DUPLICATE_METHOD_MATCH = YES;
				COPY_PHASE_STRIP = NO;
				DEBUG_INFORMATION_FORMAT = "dwarf-with-dsym";
				ENABLE_NS_ASSERTIONS = NO;
				ENABLE_STRICT_OBJC_MSGSEND = YES;
				GCC_C_LANGUAGE_STANDARD = gnu11;
				GCC_NO_COMMON_BLOCKS = YES;
				GCC_WARN_64_TO_32_BIT_CONVERSION = YES;
				GCC_WARN_ABOUT_RETURN_TYPE = YES_ERROR;
				GCC_WARN_UNDECLARED_SELECTOR = YES;
				GCC_WARN_UNINITIALIZED_AUTOS = YES_AGGRESSIVE;
				GCC_WARN_UNUSED_FUNCTION = YES;
				GCC_WARN_UNUSED_VARIABLE = YES;
				IPHONEOS_DEPLOYMENT_TARGET = 15.2;
				MTL_ENABLE_DEBUG_INFO = NO;
				MTL_FAST_MATH = YES;
				SDKROOT = iphoneos;
				SWIFT_COMPILATION_MODE = wholemodule;
				SWIFT_OPTIMIZATION_LEVEL = "-O";
				VALIDATE_PRODUCT = YES;
			};
			name = Release;
		};
		CA8011B0289C2FFB009CB3E1 /* Debug */ = {
			isa = XCBuildConfiguration;
			buildSettings = {
				ASSETCATALOG_COMPILER_APPICON_NAME = AppIcon;
				ASSETCATALOG_COMPILER_GLOBAL_ACCENT_COLOR_NAME = AccentColor;
				CODE_SIGN_STYLE = Automatic;
				CURRENT_PROJECT_VERSION = 1;
				DEVELOPMENT_ASSET_PATHS = "\"Restart/Preview Content\"";
				DEVELOPMENT_TEAM = 74U6KAM44K;
				ENABLE_PREVIEWS = YES;
				GENERATE_INFOPLIST_FILE = YES;
				INFOPLIST_FILE = Restart/Info.plist;
				INFOPLIST_KEY_UIApplicationSceneManifest_Generation = YES;
				INFOPLIST_KEY_UIApplicationSupportsIndirectInputEvents = YES;
				INFOPLIST_KEY_UISupportedInterfaceOrientations = UIInterfaceOrientationPortrait;
				INFOPLIST_KEY_UISupportedInterfaceOrientations_iPad = "UIInterfaceOrientationPortrait UIInterfaceOrientationPortraitUpsideDown UIInterfaceOrientationLandscapeLeft UIInterfaceOrientationLandscapeRight";
				INFOPLIST_KEY_UISupportedInterfaceOrientations_iPhone = UIInterfaceOrientationPortrait;
				IPHONEOS_DEPLOYMENT_TARGET = 15.0;
				LD_RUNPATH_SEARCH_PATHS = (
					"$(inherited)",
					"@executable_path/Frameworks",
				);
				MARKETING_VERSION = 1.0;
				PRODUCT_BUNDLE_IDENTIFIER = Krasgnik.Restart;
				PRODUCT_NAME = "$(TARGET_NAME)";
				SWIFT_EMIT_LOC_STRINGS = YES;
				SWIFT_VERSION = 5.0;
				TARGETED_DEVICE_FAMILY = "1,2";
			};
			name = Debug;
		};
		CA8011B1289C2FFB009CB3E1 /* Release */ = {
			isa = XCBuildConfiguration;
			buildSettings = {
				ASSETCATALOG_COMPILER_APPICON_NAME = AppIcon;
				ASSETCATALOG_COMPILER_GLOBAL_ACCENT_COLOR_NAME = AccentColor;
				CODE_SIGN_STYLE = Automatic;
				CURRENT_PROJECT_VERSION = 1;
				DEVELOPMENT_ASSET_PATHS = "\"Restart/Preview Content\"";
				DEVELOPMENT_TEAM = 74U6KAM44K;
				ENABLE_PREVIEWS = YES;
				GENERATE_INFOPLIST_FILE = YES;
				INFOPLIST_FILE = Restart/Info.plist;
				INFOPLIST_KEY_UIApplicationSceneManifest_Generation = YES;
				INFOPLIST_KEY_UIApplicationSupportsIndirectInputEvents = YES;
				INFOPLIST_KEY_UISupportedInterfaceOrientations = UIInterfaceOrientationPortrait;
				INFOPLIST_KEY_UISupportedInterfaceOrientations_iPad = "UIInterfaceOrientationPortrait UIInterfaceOrientationPortraitUpsideDown UIInterfaceOrientationLandscapeLeft UIInterfaceOrientationLandscapeRight";
				INFOPLIST_KEY_UISupportedInterfaceOrientations_iPhone = UIInterfaceOrientationPortrait;
				IPHONEOS_DEPLOYMENT_TARGET = 15.0;
				LD_RUNPATH_SEARCH_PATHS = (
					"$(inherited)",
					"@executable_path/Frameworks",
				);
				MARKETING_VERSION = 1.0;
				PRODUCT_BUNDLE_IDENTIFIER = Krasgnik.Restart;
				PRODUCT_NAME = "$(TARGET_NAME)";
				SWIFT_EMIT_LOC_STRINGS = YES;
				SWIFT_VERSION = 5.0;
				TARGETED_DEVICE_FAMILY = "1,2";
			};
			name = Release;
		};
/* End XCBuildConfiguration section */

/* Begin XCConfigurationList section */
		CA80119C289C2FF9009CB3E1 /* Build configuration list for PBXProject "Restart" */ = {
			isa = XCConfigurationList;
			buildConfigurations = (
				CA8011AD289C2FFB009CB3E1 /* Debug */,
				CA8011AE289C2FFB009CB3E1 /* Release */,
			);
			defaultConfigurationIsVisible = 0;
			defaultConfigurationName = Release;
		};
		CA8011AF289C2FFB009CB3E1 /* Build configuration list for PBXNativeTarget "Restart" */ = {
			isa = XCConfigurationList;
			buildConfigurations = (
				CA8011B0289C2FFB009CB3E1 /* Debug */,
				CA8011B1289C2FFB009CB3E1 /* Release */,
			);
			defaultConfigurationIsVisible = 0;
			defaultConfigurationName = Release;
		};
/* End XCConfigurationList section */
	};
	rootObject = CA801199289C2FF9009CB3E1 /* Project object */;
}
